// !$*UTF8*$!
{
	archiveVersion = 1;
	classes = {
	};
	objectVersion = 52;
	objects = {

/* Begin PBXBuildFile section */
		924756B625E98EE9003B5947 /* AnalogClock.swift in Sources */ = {isa = PBXBuildFile; fileRef = 924756B525E98EE9003B5947 /* AnalogClock.swift */; };
		92CD833B25C70D3E00AB9B3A /* TikkerApp.swift in Sources */ = {isa = PBXBuildFile; fileRef = 92CD833A25C70D3E00AB9B3A /* TikkerApp.swift */; };
		92CD833D25C70D3E00AB9B3A /* ContentView.swift in Sources */ = {isa = PBXBuildFile; fileRef = 92CD833C25C70D3E00AB9B3A /* ContentView.swift */; };
		92CD833F25C70D4400AB9B3A /* Assets.xcassets in Resources */ = {isa = PBXBuildFile; fileRef = 92CD833E25C70D4400AB9B3A /* Assets.xcassets */; };
		92CD834225C70D4400AB9B3A /* Preview Assets.xcassets in Resources */ = {isa = PBXBuildFile; fileRef = 92CD834125C70D4400AB9B3A /* Preview Assets.xcassets */; };
		92CD834D25C70D4600AB9B3A /* TikkerTests.swift in Sources */ = {isa = PBXBuildFile; fileRef = 92CD834C25C70D4600AB9B3A /* TikkerTests.swift */; };
		92CD835825C70D4600AB9B3A /* TikkerUITests.swift in Sources */ = {isa = PBXBuildFile; fileRef = 92CD835725C70D4600AB9B3A /* TikkerUITests.swift */; };
		92F360B325FE751E00E4E30E /* Profile.swift in Sources */ = {isa = PBXBuildFile; fileRef = 92F360B225FE751E00E4E30E /* Profile.swift */; };
		92F360B825FE752B00E4E30E /* ProfileHost.swift in Sources */ = {isa = PBXBuildFile; fileRef = 92F360B725FE752B00E4E30E /* ProfileHost.swift */; };
		92F360BD25FE75C500E4E30E /* ProfileEditor.swift in Sources */ = {isa = PBXBuildFile; fileRef = 92F360BC25FE75C500E4E30E /* ProfileEditor.swift */; };
		92F360C225FE7D9700E4E30E /* ProfileSummary.swift in Sources */ = {isa = PBXBuildFile; fileRef = 92F360C125FE7D9700E4E30E /* ProfileSummary.swift */; };
		92F360C825FE817100E4E30E /* BottomBar-SwiftUI in Frameworks */ = {isa = PBXBuildFile; productRef = 92F360C725FE817100E4E30E /* BottomBar-SwiftUI */; };
/* End PBXBuildFile section */

/* Begin PBXContainerItemProxy section */
		92CD834925C70D4600AB9B3A /* PBXContainerItemProxy */ = {
			isa = PBXContainerItemProxy;
			containerPortal = 92CD832F25C70D3E00AB9B3A /* Project object */;
			proxyType = 1;
			remoteGlobalIDString = 92CD833625C70D3E00AB9B3A;
			remoteInfo = Tikker;
		};
		92CD835425C70D4600AB9B3A /* PBXContainerItemProxy */ = {
			isa = PBXContainerItemProxy;
			containerPortal = 92CD832F25C70D3E00AB9B3A /* Project object */;
			proxyType = 1;
			remoteGlobalIDString = 92CD833625C70D3E00AB9B3A;
			remoteInfo = Tikker;
		};
/* End PBXContainerItemProxy section */

/* Begin PBXFileReference section */
		924756B525E98EE9003B5947 /* AnalogClock.swift */ = {isa = PBXFileReference; lastKnownFileType = sourcecode.swift; path = AnalogClock.swift; sourceTree = "<group>"; };
		92CD833725C70D3E00AB9B3A /* Tikker.app */ = {isa = PBXFileReference; explicitFileType = wrapper.application; includeInIndex = 0; path = Tikker.app; sourceTree = BUILT_PRODUCTS_DIR; };
		92CD833A25C70D3E00AB9B3A /* TikkerApp.swift */ = {isa = PBXFileReference; lastKnownFileType = sourcecode.swift; path = TikkerApp.swift; sourceTree = "<group>"; };
		92CD833C25C70D3E00AB9B3A /* ContentView.swift */ = {isa = PBXFileReference; lastKnownFileType = sourcecode.swift; path = ContentView.swift; sourceTree = "<group>"; };
		92CD833E25C70D4400AB9B3A /* Assets.xcassets */ = {isa = PBXFileReference; lastKnownFileType = folder.assetcatalog; path = Assets.xcassets; sourceTree = "<group>"; };
		92CD834125C70D4400AB9B3A /* Preview Assets.xcassets */ = {isa = PBXFileReference; lastKnownFileType = folder.assetcatalog; path = "Preview Assets.xcassets"; sourceTree = "<group>"; };
		92CD834325C70D4400AB9B3A /* Info.plist */ = {isa = PBXFileReference; lastKnownFileType = text.plist.xml; path = Info.plist; sourceTree = "<group>"; };
		92CD834825C70D4600AB9B3A /* TikkerTests.xctest */ = {isa = PBXFileReference; explicitFileType = wrapper.cfbundle; includeInIndex = 0; path = TikkerTests.xctest; sourceTree = BUILT_PRODUCTS_DIR; };
		92CD834C25C70D4600AB9B3A /* TikkerTests.swift */ = {isa = PBXFileReference; lastKnownFileType = sourcecode.swift; path = TikkerTests.swift; sourceTree = "<group>"; };
		92CD834E25C70D4600AB9B3A /* Info.plist */ = {isa = PBXFileReference; lastKnownFileType = text.plist.xml; path = Info.plist; sourceTree = "<group>"; };
		92CD835325C70D4600AB9B3A /* TikkerUITests.xctest */ = {isa = PBXFileReference; explicitFileType = wrapper.cfbundle; includeInIndex = 0; path = TikkerUITests.xctest; sourceTree = BUILT_PRODUCTS_DIR; };
		92CD835725C70D4600AB9B3A /* TikkerUITests.swift */ = {isa = PBXFileReference; lastKnownFileType = sourcecode.swift; path = TikkerUITests.swift; sourceTree = "<group>"; };
		92CD835925C70D4600AB9B3A /* Info.plist */ = {isa = PBXFileReference; lastKnownFileType = text.plist.xml; path = Info.plist; sourceTree = "<group>"; };
		92F360B225FE751E00E4E30E /* Profile.swift */ = {isa = PBXFileReference; lastKnownFileType = sourcecode.swift; path = Profile.swift; sourceTree = "<group>"; };
		92F360B725FE752B00E4E30E /* ProfileHost.swift */ = {isa = PBXFileReference; lastKnownFileType = sourcecode.swift; path = ProfileHost.swift; sourceTree = "<group>"; };
		92F360BC25FE75C500E4E30E /* ProfileEditor.swift */ = {isa = PBXFileReference; lastKnownFileType = sourcecode.swift; path = ProfileEditor.swift; sourceTree = "<group>"; };
		92F360C125FE7D9700E4E30E /* ProfileSummary.swift */ = {isa = PBXFileReference; lastKnownFileType = sourcecode.swift; path = ProfileSummary.swift; sourceTree = "<group>"; };
/* End PBXFileReference section */

/* Begin PBXFrameworksBuildPhase section */
		92CD833425C70D3E00AB9B3A /* Frameworks */ = {
			isa = PBXFrameworksBuildPhase;
			buildActionMask = 2147483647;
			files = (
				92F360C825FE817100E4E30E /* BottomBar-SwiftUI in Frameworks */,
			);
			runOnlyForDeploymentPostprocessing = 0;
		};
		92CD834525C70D4600AB9B3A /* Frameworks */ = {
			isa = PBXFrameworksBuildPhase;
			buildActionMask = 2147483647;
			files = (
			);
			runOnlyForDeploymentPostprocessing = 0;
		};
		92CD835025C70D4600AB9B3A /* Frameworks */ = {
			isa = PBXFrameworksBuildPhase;
			buildActionMask = 2147483647;
			files = (
			);
			runOnlyForDeploymentPostprocessing = 0;
		};
/* End PBXFrameworksBuildPhase section */

/* Begin PBXGroup section */
		92CD832E25C70D3E00AB9B3A = {
			isa = PBXGroup;
			children = (
				92CD833925C70D3E00AB9B3A /* Tikker */,
				92CD834B25C70D4600AB9B3A /* TikkerTests */,
				92CD835625C70D4600AB9B3A /* TikkerUITests */,
				92CD833825C70D3E00AB9B3A /* Products */,
			);
			sourceTree = "<group>";
		};
		92CD833825C70D3E00AB9B3A /* Products */ = {
			isa = PBXGroup;
			children = (
				92CD833725C70D3E00AB9B3A /* Tikker.app */,
				92CD834825C70D4600AB9B3A /* TikkerTests.xctest */,
				92CD835325C70D4600AB9B3A /* TikkerUITests.xctest */,
			);
			name = Products;
			sourceTree = "<group>";
		};
		92CD833925C70D3E00AB9B3A /* Tikker */ = {
			isa = PBXGroup;
			children = (
				92CD833A25C70D3E00AB9B3A /* TikkerApp.swift */,
				92CD833C25C70D3E00AB9B3A /* ContentView.swift */,
				92CD833E25C70D4400AB9B3A /* Assets.xcassets */,
				92CD834325C70D4400AB9B3A /* Info.plist */,
				92CD834025C70D4400AB9B3A /* Preview Content */,
				924756B525E98EE9003B5947 /* AnalogClock.swift */,
				92F360AE25FE750600E4E30E /* Profile */,
			);
			path = Tikker;
			sourceTree = "<group>";
		};
		92CD834025C70D4400AB9B3A /* Preview Content */ = {
			isa = PBXGroup;
			children = (
				92CD834125C70D4400AB9B3A /* Preview Assets.xcassets */,
			);
			path = "Preview Content";
			sourceTree = "<group>";
		};
		92CD834B25C70D4600AB9B3A /* TikkerTests */ = {
			isa = PBXGroup;
			children = (
				92CD834C25C70D4600AB9B3A /* TikkerTests.swift */,
				92CD834E25C70D4600AB9B3A /* Info.plist */,
			);
			path = TikkerTests;
			sourceTree = "<group>";
		};
		92CD835625C70D4600AB9B3A /* TikkerUITests */ = {
			isa = PBXGroup;
			children = (
				92CD835725C70D4600AB9B3A /* TikkerUITests.swift */,
				92CD835925C70D4600AB9B3A /* Info.plist */,
			);
			path = TikkerUITests;
			sourceTree = "<group>";
		};
		92F360AE25FE750600E4E30E /* Profile */ = {
			isa = PBXGroup;
			children = (
				92F360B225FE751E00E4E30E /* Profile.swift */,
				92F360B725FE752B00E4E30E /* ProfileHost.swift */,
				92F360BC25FE75C500E4E30E /* ProfileEditor.swift */,
				92F360C125FE7D9700E4E30E /* ProfileSummary.swift */,
			);
			path = Profile;
			sourceTree = "<group>";
		};
/* End PBXGroup section */

/* Begin PBXNativeTarget section */
		92CD833625C70D3E00AB9B3A /* Tikker */ = {
			isa = PBXNativeTarget;
			buildConfigurationList = 92CD835C25C70D4600AB9B3A /* Build configuration list for PBXNativeTarget "Tikker" */;
			buildPhases = (
				92CD833325C70D3E00AB9B3A /* Sources */,
				92CD833425C70D3E00AB9B3A /* Frameworks */,
				92CD833525C70D3E00AB9B3A /* Resources */,
			);
			buildRules = (
			);
			dependencies = (
			);
			name = Tikker;
			packageProductDependencies = (
				92F360C725FE817100E4E30E /* BottomBar-SwiftUI */,
			);
			productName = Tikker;
			productReference = 92CD833725C70D3E00AB9B3A /* Tikker.app */;
			productType = "com.apple.product-type.application";
		};
		92CD834725C70D4600AB9B3A /* TikkerTests */ = {
			isa = PBXNativeTarget;
			buildConfigurationList = 92CD835F25C70D4600AB9B3A /* Build configuration list for PBXNativeTarget "TikkerTests" */;
			buildPhases = (
				92CD834425C70D4600AB9B3A /* Sources */,
				92CD834525C70D4600AB9B3A /* Frameworks */,
				92CD834625C70D4600AB9B3A /* Resources */,
			);
			buildRules = (
			);
			dependencies = (
				92CD834A25C70D4600AB9B3A /* PBXTargetDependency */,
			);
			name = TikkerTests;
			productName = TikkerTests;
			productReference = 92CD834825C70D4600AB9B3A /* TikkerTests.xctest */;
			productType = "com.apple.product-type.bundle.unit-test";
		};
		92CD835225C70D4600AB9B3A /* TikkerUITests */ = {
			isa = PBXNativeTarget;
			buildConfigurationList = 92CD836225C70D4600AB9B3A /* Build configuration list for PBXNativeTarget "TikkerUITests" */;
			buildPhases = (
				92CD834F25C70D4600AB9B3A /* Sources */,
				92CD835025C70D4600AB9B3A /* Frameworks */,
				92CD835125C70D4600AB9B3A /* Resources */,
			);
			buildRules = (
			);
			dependencies = (
				92CD835525C70D4600AB9B3A /* PBXTargetDependency */,
			);
			name = TikkerUITests;
			productName = TikkerUITests;
			productReference = 92CD835325C70D4600AB9B3A /* TikkerUITests.xctest */;
			productType = "com.apple.product-type.bundle.ui-testing";
		};
/* End PBXNativeTarget section */

/* Begin PBXProject section */
		92CD832F25C70D3E00AB9B3A /* Project object */ = {
			isa = PBXProject;
			attributes = {
				LastSwiftUpdateCheck = 1240;
				LastUpgradeCheck = 1240;
				TargetAttributes = {
					92CD833625C70D3E00AB9B3A = {
						CreatedOnToolsVersion = 12.4;
					};
					92CD834725C70D4600AB9B3A = {
						CreatedOnToolsVersion = 12.4;
						TestTargetID = 92CD833625C70D3E00AB9B3A;
					};
					92CD835225C70D4600AB9B3A = {
						CreatedOnToolsVersion = 12.4;
						TestTargetID = 92CD833625C70D3E00AB9B3A;
					};
				};
			};
			buildConfigurationList = 92CD833225C70D3E00AB9B3A /* Build configuration list for PBXProject "Tikker" */;
			compatibilityVersion = "Xcode 9.3";
			developmentRegion = en;
			hasScannedForEncodings = 0;
			knownRegions = (
				en,
				Base,
			);
			mainGroup = 92CD832E25C70D3E00AB9B3A;
			packageReferences = (
				92F360C625FE817100E4E30E /* XCRemoteSwiftPackageReference "bottombar-swiftui" */,
			);
			productRefGroup = 92CD833825C70D3E00AB9B3A /* Products */;
			projectDirPath = "";
			projectRoot = "";
			targets = (
				92CD833625C70D3E00AB9B3A /* Tikker */,
				92CD834725C70D4600AB9B3A /* TikkerTests */,
				92CD835225C70D4600AB9B3A /* TikkerUITests */,
			);
		};
/* End PBXProject section */

/* Begin PBXResourcesBuildPhase section */
		92CD833525C70D3E00AB9B3A /* Resources */ = {
			isa = PBXResourcesBuildPhase;
			buildActionMask = 2147483647;
			files = (
				92CD834225C70D4400AB9B3A /* Preview Assets.xcassets in Resources */,
				92CD833F25C70D4400AB9B3A /* Assets.xcassets in Resources */,
			);
			runOnlyForDeploymentPostprocessing = 0;
		};
		92CD834625C70D4600AB9B3A /* Resources */ = {
			isa = PBXResourcesBuildPhase;
			buildActionMask = 2147483647;
			files = (
			);
			runOnlyForDeploymentPostprocessing = 0;
		};
		92CD835125C70D4600AB9B3A /* Resources */ = {
			isa = PBXResourcesBuildPhase;
			buildActionMask = 2147483647;
			files = (
			);
			runOnlyForDeploymentPostprocessing = 0;
		};
/* End PBXResourcesBuildPhase section */

/* Begin PBXSourcesBuildPhase section */
		92CD833325C70D3E00AB9B3A /* Sources */ = {
			isa = PBXSourcesBuildPhase;
			buildActionMask = 2147483647;
			files = (
				92CD833D25C70D3E00AB9B3A /* ContentView.swift in Sources */,
				92F360B325FE751E00E4E30E /* Profile.swift in Sources */,
				92F360C225FE7D9700E4E30E /* ProfileSummary.swift in Sources */,
				92F360BD25FE75C500E4E30E /* ProfileEditor.swift in Sources */,
				924756B625E98EE9003B5947 /* AnalogClock.swift in Sources */,
				92F360B825FE752B00E4E30E /* ProfileHost.swift in Sources */,
				92CD833B25C70D3E00AB9B3A /* TikkerApp.swift in Sources */,
			);
			runOnlyForDeploymentPostprocessing = 0;
		};
		92CD834425C70D4600AB9B3A /* Sources */ = {
			isa = PBXSourcesBuildPhase;
			buildActionMask = 2147483647;
			files = (
				92CD834D25C70D4600AB9B3A /* TikkerTests.swift in Sources */,
			);
			runOnlyForDeploymentPostprocessing = 0;
		};
		92CD834F25C70D4600AB9B3A /* Sources */ = {
			isa = PBXSourcesBuildPhase;
			buildActionMask = 2147483647;
			files = (
				92CD835825C70D4600AB9B3A /* TikkerUITests.swift in Sources */,
			);
			runOnlyForDeploymentPostprocessing = 0;
		};
/* End PBXSourcesBuildPhase section */

/* Begin PBXTargetDependency section */
		92CD834A25C70D4600AB9B3A /* PBXTargetDependency */ = {
			isa = PBXTargetDependency;
			target = 92CD833625C70D3E00AB9B3A /* Tikker */;
			targetProxy = 92CD834925C70D4600AB9B3A /* PBXContainerItemProxy */;
		};
		92CD835525C70D4600AB9B3A /* PBXTargetDependency */ = {
			isa = PBXTargetDependency;
			target = 92CD833625C70D3E00AB9B3A /* Tikker */;
			targetProxy = 92CD835425C70D4600AB9B3A /* PBXContainerItemProxy */;
		};
/* End PBXTargetDependency section */

/* Begin XCBuildConfiguration section */
		92CD835A25C70D4600AB9B3A /* Debug */ = {
			isa = XCBuildConfiguration;
			buildSettings = {
				ALWAYS_SEARCH_USER_PATHS = NO;
				CLANG_ANALYZER_NONNULL = YES;
				CLANG_ANALYZER_NUMBER_OBJECT_CONVERSION = YES_AGGRESSIVE;
				CLANG_CXX_LANGUAGE_STANDARD = "gnu++14";
				CLANG_CXX_LIBRARY = "libc++";
				CLANG_ENABLE_MODULES = YES;
				CLANG_ENABLE_OBJC_ARC = YES;
				CLANG_ENABLE_OBJC_WEAK = YES;
				CLANG_WARN_BLOCK_CAPTURE_AUTORELEASING = YES;
				CLANG_WARN_BOOL_CONVERSION = YES;
				CLANG_WARN_COMMA = YES;
				CLANG_WARN_CONSTANT_CONVERSION = YES;
				CLANG_WARN_DEPRECATED_OBJC_IMPLEMENTATIONS = YES;
				CLANG_WARN_DIRECT_OBJC_ISA_USAGE = YES_ERROR;
				CLANG_WARN_DOCUMENTATION_COMMENTS = YES;
				CLANG_WARN_EMPTY_BODY = YES;
				CLANG_WARN_ENUM_CONVERSION = YES;
				CLANG_WARN_INFINITE_RECURSION = YES;
				CLANG_WARN_INT_CONVERSION = YES;
				CLANG_WARN_NON_LITERAL_NULL_CONVERSION = YES;
				CLANG_WARN_OBJC_IMPLICIT_RETAIN_SELF = YES;
				CLANG_WARN_OBJC_LITERAL_CONVERSION = YES;
				CLANG_WARN_OBJC_ROOT_CLASS = YES_ERROR;
				CLANG_WARN_QUOTED_INCLUDE_IN_FRAMEWORK_HEADER = YES;
				CLANG_WARN_RANGE_LOOP_ANALYSIS = YES;
				CLANG_WARN_STRICT_PROTOTYPES = YES;
				CLANG_WARN_SUSPICIOUS_MOVE = YES;
				CLANG_WARN_UNGUARDED_AVAILABILITY = YES_AGGRESSIVE;
				CLANG_WARN_UNREACHABLE_CODE = YES;
				CLANG_WARN__DUPLICATE_METHOD_MATCH = YES;
				COPY_PHASE_STRIP = NO;
				DEBUG_INFORMATION_FORMAT = dwarf;
				ENABLE_STRICT_OBJC_MSGSEND = YES;
				ENABLE_TESTABILITY = YES;
				GCC_C_LANGUAGE_STANDARD = gnu11;
				GCC_DYNAMIC_NO_PIC = NO;
				GCC_NO_COMMON_BLOCKS = YES;
				GCC_OPTIMIZATION_LEVEL = 0;
				GCC_PREPROCESSOR_DEFINITIONS = (
					"DEBUG=1",
					"$(inherited)",
				);
				GCC_WARN_64_TO_32_BIT_CONVERSION = YES;
				GCC_WARN_ABOUT_RETURN_TYPE = YES_ERROR;
				GCC_WARN_UNDECLARED_SELECTOR = YES;
				GCC_WARN_UNINITIALIZED_AUTOS = YES_AGGRESSIVE;
				GCC_WARN_UNUSED_FUNCTION = YES;
				GCC_WARN_UNUSED_VARIABLE = YES;
				IPHONEOS_DEPLOYMENT_TARGET = 14.4;
				MTL_ENABLE_DEBUG_INFO = INCLUDE_SOURCE;
				MTL_FAST_MATH = YES;
				ONLY_ACTIVE_ARCH = YES;
				SDKROOT = iphoneos;
				SWIFT_ACTIVE_COMPILATION_CONDITIONS = DEBUG;
				SWIFT_OPTIMIZATION_LEVEL = "-Onone";
			};
			name = Debug;
		};
		92CD835B25C70D4600AB9B3A /* Release */ = {
			isa = XCBuildConfiguration;
			buildSettings = {
				ALWAYS_SEARCH_USER_PATHS = NO;
				CLANG_ANALYZER_NONNULL = YES;
				CLANG_ANALYZER_NUMBER_OBJECT_CONVERSION = YES_AGGRESSIVE;
				CLANG_CXX_LANGUAGE_STANDARD = "gnu++14";
				CLANG_CXX_LIBRARY = "libc++";
				CLANG_ENABLE_MODULES = YES;
				CLANG_ENABLE_OBJC_ARC = YES;
				CLANG_ENABLE_OBJC_WEAK = YES;
				CLANG_WARN_BLOCK_CAPTURE_AUTORELEASING = YES;
				CLANG_WARN_BOOL_CONVERSION = YES;
				CLANG_WARN_COMMA = YES;
				CLANG_WARN_CONSTANT_CONVERSION = YES;
				CLANG_WARN_DEPRECATED_OBJC_IMPLEMENTATIONS = YES;
				CLANG_WARN_DIRECT_OBJC_ISA_USAGE = YES_ERROR;
				CLANG_WARN_DOCUMENTATION_COMMENTS = YES;
				CLANG_WARN_EMPTY_BODY = YES;
				CLANG_WARN_ENUM_CONVERSION = YES;
				CLANG_WARN_INFINITE_RECURSION = YES;
				CLANG_WARN_INT_CONVERSION = YES;
				CLANG_WARN_NON_LITERAL_NULL_CONVERSION = YES;
				CLANG_WARN_OBJC_IMPLICIT_RETAIN_SELF = YES;
				CLANG_WARN_OBJC_LITERAL_CONVERSION = YES;
				CLANG_WARN_OBJC_ROOT_CLASS = YES_ERROR;
				CLANG_WARN_QUOTED_INCLUDE_IN_FRAMEWORK_HEADER = YES;
				CLANG_WARN_RANGE_LOOP_ANALYSIS = YES;
				CLANG_WARN_STRICT_PROTOTYPES = YES;
				CLANG_WARN_SUSPICIOUS_MOVE = YES;
				CLANG_WARN_UNGUARDED_AVAILABILITY = YES_AGGRESSIVE;
				CLANG_WARN_UNREACHABLE_CODE = YES;
				CLANG_WARN__DUPLICATE_METHOD_MATCH = YES;
				COPY_PHASE_STRIP = NO;
				DEBUG_INFORMATION_FORMAT = "dwarf-with-dsym";
				ENABLE_NS_ASSERTIONS = NO;
				ENABLE_STRICT_OBJC_MSGSEND = YES;
				GCC_C_LANGUAGE_STANDARD = gnu11;
				GCC_NO_COMMON_BLOCKS = YES;
				GCC_WARN_64_TO_32_BIT_CONVERSION = YES;
				GCC_WARN_ABOUT_RETURN_TYPE = YES_ERROR;
				GCC_WARN_UNDECLARED_SELECTOR = YES;
				GCC_WARN_UNINITIALIZED_AUTOS = YES_AGGRESSIVE;
				GCC_WARN_UNUSED_FUNCTION = YES;
				GCC_WARN_UNUSED_VARIABLE = YES;
				IPHONEOS_DEPLOYMENT_TARGET = 14.4;
				MTL_ENABLE_DEBUG_INFO = NO;
				MTL_FAST_MATH = YES;
				SDKROOT = iphoneos;
				SWIFT_COMPILATION_MODE = wholemodule;
				SWIFT_OPTIMIZATION_LEVEL = "-O";
				VALIDATE_PRODUCT = YES;
			};
			name = Release;
		};
		92CD835D25C70D4600AB9B3A /* Debug */ = {
			isa = XCBuildConfiguration;
			buildSettings = {
				ASSETCATALOG_COMPILER_APPICON_NAME = AppIcon;
				ASSETCATALOG_COMPILER_GLOBAL_ACCENT_COLOR_NAME = AccentColor;
				CODE_SIGN_STYLE = Automatic;
				DEVELOPMENT_ASSET_PATHS = "\"Tikker/Preview Content\"";
				DEVELOPMENT_TEAM = Y75Q7JUZF4;
				ENABLE_PREVIEWS = YES;
				INFOPLIST_FILE = Tikker/Info.plist;
				IPHONEOS_DEPLOYMENT_TARGET = 14.0;
				LD_RUNPATH_SEARCH_PATHS = (
					"$(inherited)",
					"@executable_path/Frameworks",
				);
				PRODUCT_BUNDLE_IDENTIFIER = com..Tikker;
				PRODUCT_NAME = "$(TARGET_NAME)";
				SWIFT_VERSION = 5.0;
				TARGETED_DEVICE_FAMILY = "1,2";
			};
			name = Debug;
		};
		92CD835E25C70D4600AB9B3A /* Release */ = {
			isa = XCBuildConfiguration;
			buildSettings = {
				ASSETCATALOG_COMPILER_APPICON_NAME = AppIcon;
				ASSETCATALOG_COMPILER_GLOBAL_ACCENT_COLOR_NAME = AccentColor;
				CODE_SIGN_STYLE = Automatic;
				DEVELOPMENT_ASSET_PATHS = "\"Tikker/Preview Content\"";
				DEVELOPMENT_TEAM = Y75Q7JUZF4;
				ENABLE_PREVIEWS = YES;
				INFOPLIST_FILE = Tikker/Info.plist;
				IPHONEOS_DEPLOYMENT_TARGET = 14.0;
				LD_RUNPATH_SEARCH_PATHS = (
					"$(inherited)",
					"@executable_path/Frameworks",
				);
				PRODUCT_BUNDLE_IDENTIFIER = com..Tikker;
				PRODUCT_NAME = "$(TARGET_NAME)";
				SWIFT_VERSION = 5.0;
				TARGETED_DEVICE_FAMILY = "1,2";
			};
			name = Release;
		};
		92CD836025C70D4600AB9B3A /* Debug */ = {
			isa = XCBuildConfiguration;
			buildSettings = {
				ALWAYS_EMBED_SWIFT_STANDARD_LIBRARIES = YES;
				BUNDLE_LOADER = "$(TEST_HOST)";
				CODE_SIGN_STYLE = Automatic;
				DEVELOPMENT_TEAM = Y75Q7JUZF4;
				INFOPLIST_FILE = TikkerTests/Info.plist;
				IPHONEOS_DEPLOYMENT_TARGET = 14.0;
				LD_RUNPATH_SEARCH_PATHS = (
					"$(inherited)",
					"@executable_path/Frameworks",
					"@loader_path/Frameworks",
				);
				PRODUCT_BUNDLE_IDENTIFIER = com..TikkerTests;
				PRODUCT_NAME = "$(TARGET_NAME)";
				SWIFT_VERSION = 5.0;
				TARGETED_DEVICE_FAMILY = "1,2";
				TEST_HOST = "$(BUILT_PRODUCTS_DIR)/Tikker.app/Tikker";
			};
			name = Debug;
		};
		92CD836125C70D4600AB9B3A /* Release */ = {
			isa = XCBuildConfiguration;
			buildSettings = {
				ALWAYS_EMBED_SWIFT_STANDARD_LIBRARIES = YES;
				BUNDLE_LOADER = "$(TEST_HOST)";
				CODE_SIGN_STYLE = Automatic;
				DEVELOPMENT_TEAM = Y75Q7JUZF4;
				INFOPLIST_FILE = TikkerTests/Info.plist;
				IPHONEOS_DEPLOYMENT_TARGET = 14.0;
				LD_RUNPATH_SEARCH_PATHS = (
					"$(inherited)",
					"@executable_path/Frameworks",
					"@loader_path/Frameworks",
				);
				PRODUCT_BUNDLE_IDENTIFIER = com..TikkerTests;
				PRODUCT_NAME = "$(TARGET_NAME)";
				SWIFT_VERSION = 5.0;
				TARGETED_DEVICE_FAMILY = "1,2";
				TEST_HOST = "$(BUILT_PRODUCTS_DIR)/Tikker.app/Tikker";
			};
			name = Release;
		};
		92CD836325C70D4600AB9B3A /* Debug */ = {
			isa = XCBuildConfiguration;
			buildSettings = {
				ALWAYS_EMBED_SWIFT_STANDARD_LIBRARIES = YES;
				CODE_SIGN_STYLE = Automatic;
				DEVELOPMENT_TEAM = Y75Q7JUZF4;
				INFOPLIST_FILE = TikkerUITests/Info.plist;
				LD_RUNPATH_SEARCH_PATHS = (
					"$(inherited)",
					"@executable_path/Frameworks",
					"@loader_path/Frameworks",
				);
				PRODUCT_BUNDLE_IDENTIFIER = com..TikkerUITests;
				PRODUCT_NAME = "$(TARGET_NAME)";
				SWIFT_VERSION = 5.0;
				TARGETED_DEVICE_FAMILY = "1,2";
				TEST_TARGET_NAME = Tikker;
			};
			name = Debug;
		};
		92CD836425C70D4600AB9B3A /* Release */ = {
			isa = XCBuildConfiguration;
			buildSettings = {
				ALWAYS_EMBED_SWIFT_STANDARD_LIBRARIES = YES;
				CODE_SIGN_STYLE = Automatic;
				DEVELOPMENT_TEAM = Y75Q7JUZF4;
				INFOPLIST_FILE = TikkerUITests/Info.plist;
				LD_RUNPATH_SEARCH_PATHS = (
					"$(inherited)",
					"@executable_path/Frameworks",
					"@loader_path/Frameworks",
				);
				PRODUCT_BUNDLE_IDENTIFIER = com..TikkerUITests;
				PRODUCT_NAME = "$(TARGET_NAME)";
				SWIFT_VERSION = 5.0;
				TARGETED_DEVICE_FAMILY = "1,2";
				TEST_TARGET_NAME = Tikker;
			};
			name = Release;
		};
/* End XCBuildConfiguration section */

/* Begin XCConfigurationList section */
		92CD833225C70D3E00AB9B3A /* Build configuration list for PBXProject "Tikker" */ = {
			isa = XCConfigurationList;
			buildConfigurations = (
				92CD835A25C70D4600AB9B3A /* Debug */,
				92CD835B25C70D4600AB9B3A /* Release */,
			);
			defaultConfigurationIsVisible = 0;
			defaultConfigurationName = Release;
		};
		92CD835C25C70D4600AB9B3A /* Build configuration list for PBXNativeTarget "Tikker" */ = {
			isa = XCConfigurationList;
			buildConfigurations = (
				92CD835D25C70D4600AB9B3A /* Debug */,
				92CD835E25C70D4600AB9B3A /* Release */,
			);
			defaultConfigurationIsVisible = 0;
			defaultConfigurationName = Release;
		};
		92CD835F25C70D4600AB9B3A /* Build configuration list for PBXNativeTarget "TikkerTests" */ = {
			isa = XCConfigurationList;
			buildConfigurations = (
				92CD836025C70D4600AB9B3A /* Debug */,
				92CD836125C70D4600AB9B3A /* Release */,
			);
			defaultConfigurationIsVisible = 0;
			defaultConfigurationName = Release;
		};
		92CD836225C70D4600AB9B3A /* Build configuration list for PBXNativeTarget "TikkerUITests" */ = {
			isa = XCConfigurationList;
			buildConfigurations = (
				92CD836325C70D4600AB9B3A /* Debug */,
				92CD836425C70D4600AB9B3A /* Release */,
			);
			defaultConfigurationIsVisible = 0;
			defaultConfigurationName = Release;
		};
/* End XCConfigurationList section */

/* Begin XCRemoteSwiftPackageReference section */
		92F360C625FE817100E4E30E /* XCRemoteSwiftPackageReference "bottombar-swiftui" */ = {
			isa = XCRemoteSwiftPackageReference;
			repositoryURL = "https://github.com/smartvipere75/bottombar-swiftui";
			requirement = {
				branch = master;
				kind = branch;
			};
		};
/* End XCRemoteSwiftPackageReference section */

/* Begin XCSwiftPackageProductDependency section */
		92F360C725FE817100E4E30E /* BottomBar-SwiftUI */ = {
			isa = XCSwiftPackageProductDependency;
			package = 92F360C625FE817100E4E30E /* XCRemoteSwiftPackageReference "bottombar-swiftui" */;
			productName = "BottomBar-SwiftUI";
		};
/* End XCSwiftPackageProductDependency section */
	};
	rootObject = 92CD832F25C70D3E00AB9B3A /* Project object */;
}
